
Microsoft Visual Studio Solution File, Format Version 12.00
# Visual Studio Version 17
VisualStudioVersion = 17.10.35027.167
MinimumVisualStudioVersion = 10.0.40219.1
Project("{FAE04EC0-301F-11D3-BF4B-00C04F79EFBC}") = "WebMVC_UnitTest", "WebMVC_UnitTest\WebMVC_UnitTest.csproj", "{BA01304E-CDEC-4B25-87D5-D231FDFFE35E}"
EndProject
Project("{FAE04EC0-301F-11D3-BF4B-00C04F79EFBC}") = "WebMVC_UnitTest.Tests", "WebMVC_UnitTest.Tests\WebMVC_UnitTest.Tests.csproj", "{9242241F-402F-48BB-87CF-0BE102F02AE1}"
EndProject
Global
	GlobalSection(SolutionConfigurationPlatforms) = preSolution
		Debug|Any CPU = Debug|Any CPU
		Release|Any CPU = Release|Any CPU
	EndGlobalSection
	GlobalSection(ProjectConfigurationPlatforms) = postSolution
		{BA01304E-CDEC-4B25-87D5-D231FDFFE35E}.Debug|Any CPU.ActiveCfg = Debug|Any CPU
		{BA01304E-CDEC-4B25-87D5-D231FDFFE35E}.Debug|Any CPU.Build.0 = Debug|Any CPU
		{BA01304E-CDEC-4B25-87D5-D231FDFFE35E}.Release|Any CPU.ActiveCfg = Release|Any CPU
		{BA01304E-CDEC-4B25-87D5-D231FDFFE35E}.Release|Any CPU.Build.0 = Release|Any CPU
		{9242241F-402F-48BB-87CF-0BE102F02AE1}.Debug|Any CPU.ActiveCfg = Debug|Any CPU
		{9242241F-402F-48BB-87CF-0BE102F02AE1}.Debug|Any CPU.Build.0 = Debug|Any CPU
		{9242241F-402F-48BB-87CF-0BE102F02AE1}.Release|Any CPU.ActiveCfg = Release|Any CPU
		{9242241F-402F-48BB-87CF-0BE102F02AE1}.Release|Any CPU.Build.0 = Release|Any CPU
	EndGlobalSection
	GlobalSection(SolutionProperties) = preSolution
		HideSolutionNode = FALSE
	EndGlobalSection
	GlobalSection(ExtensibilityGlobals) = postSolution
		SolutionGuid = {E13643B6-F309-4042-B767-58CE8AA4D754}
	EndGlobalSection
EndGlobal
